
Microsoft Visual Studio Solution File, Format Version 12.00
# Visual Studio Version 16
VisualStudioVersion = 16.0.31019.35
MinimumVisualStudioVersion = 10.0.40219.1
Project("{FAE04EC0-301F-11D3-BF4B-00C04F79EFBC}") = "UcakSavasOyunu", "UcakSavasOyunu\UcakSavasOyunu.csproj", "{400DEEAA-D81E-4C8A-A9EF-2522B286DA9B}"
EndProject
Project("{FAE04EC0-301F-11D3-BF4B-00C04F79EFBC}") = "Savas.Library", "Savas.Library\Savas.Library.csproj", "{2141BF28-ADC5-48F1-B2ED-E0577AA0E67D}"
EndProject
Global
	GlobalSection(SolutionConfigurationPlatforms) = preSolution
		Debug|Any CPU = Debug|Any CPU
		Release|Any CPU = Release|Any CPU
	EndGlobalSection
	GlobalSection(ProjectConfigurationPlatforms) = postSolution
		{400DEEAA-D81E-4C8A-A9EF-2522B286DA9B}.Debug|Any CPU.ActiveCfg = Debug|Any CPU
		{400DEEAA-D81E-4C8A-A9EF-2522B286DA9B}.Debug|Any CPU.Build.0 = Debug|Any CPU
		{400DEEAA-D81E-4C8A-A9EF-2522B286DA9B}.Release|Any CPU.ActiveCfg = Release|Any CPU
		{400DEEAA-D81E-4C8A-A9EF-2522B286DA9B}.Release|Any CPU.Build.0 = Release|Any CPU
		{2141BF28-ADC5-48F1-B2ED-E0577AA0E67D}.Debug|Any CPU.ActiveCfg = Debug|Any CPU
		{2141BF28-ADC5-48F1-B2ED-E0577AA0E67D}.Debug|Any CPU.Build.0 = Debug|Any CPU
		{2141BF28-ADC5-48F1-B2ED-E0577AA0E67D}.Release|Any CPU.ActiveCfg = Release|Any CPU
		{2141BF28-ADC5-48F1-B2ED-E0577AA0E67D}.Release|Any CPU.Build.0 = Release|Any CPU
	EndGlobalSection
	GlobalSection(SolutionProperties) = preSolution
		HideSolutionNode = FALSE
	EndGlobalSection
	GlobalSection(ExtensibilityGlobals) = postSolution
		SolutionGuid = {1FACDD72-FFE0-4230-8DFD-E00DFFDFF967}
	EndGlobalSection
EndGlobal
